{
  "lockfileVersion": 1,
  "configVersion": 1,
  "workspaces": {
    "": {
      "name": "super_report_bot",
      "dependencies": {
        "@huggingface/inference": "^4.13.4",
        "@mtcute/bun": "^0.26.0",
        "gramio": "^0.0.50",
        "hono": "^4.10.7",
        "pino": "^10.1.0",
        "pino-pretty": "^13.1.3",
        "sqlite-vec": "^0.1.7-alpha.2",
        "xstate": "^5.24.0",
      },
      "devDependencies": {
        "@types/bun": "latest",
        "typescript": "^5.3.0",
      },
    },
  },
  "packages": {
    "@fuman/bun": ["@fuman/bun@0.0.15", "", { "dependencies": { "@fuman/io": "^0.0.15", "@fuman/net": "^0.0.15", "@fuman/utils": "^0.0.15" } }, "sha512-+NpJgXPVMsGf7t78PXTIA84a/DBCiN+/E51fEJUcI/JYr9wNn4LPlLZilIvFXluTWowgOXveC+AMg0dtCdsFAQ=="],

    "@fuman/io": ["@fuman/io@0.0.15", "", { "dependencies": { "@fuman/utils": "^0.0.15" } }, "sha512-e/WbbWKXUp5NUIP4uMx3u9tr2leXnLoo8tCu0HopgoWcdydS5Y4U/75hhm5MqBSZQXWgICzJuvz21O5J6/kTPA=="],

    "@fuman/net": ["@fuman/net@0.0.15", "", { "dependencies": { "@fuman/io": "^0.0.15", "@fuman/utils": "^0.0.15" } }, "sha512-lo2TvyoUlBiIvkc4CMMlpTU9OCVyaVWOHj9vTgQbmy7iE3XCVGsID5yr7huF2tXG7QkOex0s55NznRYYGeLPSQ=="],

    "@fuman/utils": ["@fuman/utils@0.0.15", "", {}, "sha512-3H3WzkfG7iLKCa/yNV4s80lYD4yr5hgiNzU13ysLY2BcDqFjM08XGYuLd5wFVp4V8+DA/fe8gIDW96To/JwDyA=="],

    "@gramio/callback-data": ["@gramio/callback-data@0.0.3", "", {}, "sha512-fL+fo3c58dIE6cl2yEoG9E4Y+mT+zvpw7PXImcATFVdRcK4mnuDzzxyOOibopzjKNszlHQZXYJer515kBr81RQ=="],

    "@gramio/contexts": ["@gramio/contexts@0.0.23", "", { "dependencies": { "tslib": "^2.7.0" }, "peerDependencies": { "@gramio/types": "^7.10.0", "inspectable": "^3.0.1" } }, "sha512-qWM6zh73jsXZu++PWHzdKX0pNB/Rv38HAy4QHkbzi7ldn79f3IlaUhvZMUgtavtVXcmCobesbY4VAQwqGs5ohw=="],

    "@gramio/files": ["@gramio/files@0.0.12", "", { "dependencies": { "@gramio/types": "^7.7.1" } }, "sha512-4buqT/1AEpXo8DzXJbEELodXWochLSXi7/gw31xtvItdfmbAqit6zmTmHGMvfei+vh3yr3FXMLIp6NFyz30nCg=="],

    "@gramio/format": ["@gramio/format@0.1.5", "", { "dependencies": { "@gramio/types": "^8.0.6" } }, "sha512-9JAdb6GE5HV8yfFz4MOO4cwKCPkifMnyhc7KdaA9H0o77Q+IMopIRRgyim42Iw969HA+BqGagQ/4rIKQBdty2Q=="],

    "@gramio/keyboards": ["@gramio/keyboards@0.3.3", "", { "dependencies": { "@gramio/types": "^7.4.0" } }, "sha512-9ONmjFDpXk6ixlzqkOrMACnGB//cSQRqkmOQcOU6Oa9x36sQAO1vidml1okwwOV+qYC2NcSzwswyOitp1dBW3g=="],

    "@gramio/types": ["@gramio/types@7.11.0", "", {}, "sha512-sKreTX4MLz8lLHDCAohTQGW8GLVn9xqSnXynEEubh+K356za/qhcCZUcVQgpq6iaYe8JwoLuDa7hrkSls+Stww=="],

    "@huggingface/inference": ["@huggingface/inference@4.13.4", "", { "dependencies": { "@huggingface/jinja": "^0.5.1", "@huggingface/tasks": "^0.19.65" } }, "sha512-1G6jBDYLAZw7oNrJdMp+0/CafeoNaCLzrDd9fYSX3nhjzMuyWIPZ/MtP5EwXdC0htlFPx+R6JGqPhctAalQO+w=="],

    "@huggingface/jinja": ["@huggingface/jinja@0.5.3", "", {}, "sha512-asqfZ4GQS0hD876Uw4qiUb7Tr/V5Q+JZuo2L+BtdrD4U40QU58nIRq3ZSgAzJgT874VLjhGVacaYfrdpXtEvtA=="],

    "@huggingface/tasks": ["@huggingface/tasks@0.19.66", "", {}, "sha512-cj3+pAxyMWRZXepxdgVUUrlbLVhSD7+G6lt/HI7GKUo8pOdsre4CWVcu+4AXptY9btaCqyBGzTOCD7Ve2OtTfw=="],

    "@mtcute/bun": ["@mtcute/bun@0.26.3", "", { "dependencies": { "@fuman/bun": "0.0.15", "@fuman/io": "0.0.15", "@fuman/net": "0.0.15", "@fuman/utils": "0.0.15", "@mtcute/core": "^0.26.3", "@mtcute/html-parser": "^0.26.3", "@mtcute/markdown-parser": "^0.26.3", "@mtcute/wasm": "^0.24.3" } }, "sha512-zO3rk9gYLgG1OdsOaMZY7rZ9EisbudmX65+gp9CRREKCLQd1WLGY0xBH5/yI5gQbtMeX0YT3c36mtspVR+UQWw=="],

    "@mtcute/core": ["@mtcute/core@0.26.3", "", { "dependencies": { "@fuman/io": "0.0.15", "@fuman/net": "0.0.15", "@fuman/utils": "0.0.15", "@mtcute/file-id": "^0.24.3", "@mtcute/tl": "^216.0.0", "@mtcute/tl-runtime": "^0.24.3", "@types/events": "3.0.0", "long": "5.2.3" } }, "sha512-LksRnM0XbhHs52EqvUxqnLuMTKuDF84iG2+8OEeVfD5Nn4ZlH9Wkn55iiHhqF44v3uYFI9Pik0qByw1U8fWX4Q=="],

    "@mtcute/file-id": ["@mtcute/file-id@0.24.3", "", { "dependencies": { "@fuman/utils": "0.0.15", "@mtcute/tl-runtime": "^0.24.3", "long": "5.2.3" } }, "sha512-E00JsYonLZ2z5pzfbfmAuIz3+Fn60xliOn8SCRk6Qhht4aMWbJAkehkqhsmlWsM4C64hQvW8IHqinl9LVJyOLA=="],

    "@mtcute/html-parser": ["@mtcute/html-parser@0.26.3", "", { "dependencies": { "@mtcute/core": "^0.26.3", "htmlparser2": "^10.0.0", "long": "5.2.3" } }, "sha512-ExUQiyKP3ZlMjlM15Z9nYZbKxWX1xmKYopz+Xqn8F8NlscliN6CuwsJ8BV7TDZPwNDI+hICdx/H0cug0XEx39A=="],

    "@mtcute/markdown-parser": ["@mtcute/markdown-parser@0.26.3", "", { "dependencies": { "@mtcute/core": "^0.26.3", "long": "5.2.3" } }, "sha512-VSLPHjneARm6Y13xW441KmxY1PmPpv7NB5VRnaD+h79k1QR2uDtj4G8zQVgtdsMt51JFIIALkiDUVfcCyE53wQ=="],

    "@mtcute/tl": ["@mtcute/tl@216.0.0", "", { "dependencies": { "long": "5.2.3" } }, "sha512-cfkJf5oxvA07Scni3NdxM0PrD+a/I6CbbYTR9Z7PS99K3rcKk7sUYTQTNejmkoko3MPDERtRKotiZfYu4VwLYw=="],

    "@mtcute/tl-runtime": ["@mtcute/tl-runtime@0.24.3", "", { "dependencies": { "@fuman/utils": "0.0.15", "long": "5.2.3" } }, "sha512-61J3cgYgNOQT532GdIiuezRrSC7v6cc9MfvWv9GO27bRGf7JUKWVbFt4U0KzQ9Tp0J1uMOUfi1EbQKkYKacIKQ=="],

    "@mtcute/wasm": ["@mtcute/wasm@0.24.3", "", {}, "sha512-6kI9r+g/4P6Dg6A1K1O0DC6KLIQp/ABeOxSWzBfH3YM2HR6Vc8RO/M0/6Ij7GwCvELNGAz9AWj/Qk8vM8c0ATg=="],

    "@pinojs/redact": ["@pinojs/redact@0.4.0", "", {}, "sha512-k2ENnmBugE/rzQfEcdWHcCY+/FM3VLzH9cYEsbdsoqrvzAKRhUZeRNhAZvB8OitQJ1TBed3yqWtdjzS6wJKBwg=="],

    "@types/bun": ["@types/bun@1.3.3", "", { "dependencies": { "bun-types": "1.3.3" } }, "sha512-ogrKbJ2X5N0kWLLFKeytG0eHDleBYtngtlbu9cyBKFtNL3cnpDZkNdQj8flVf6WTZUX5ulI9AY1oa7ljhSrp+g=="],

    "@types/events": ["@types/events@3.0.0", "", {}, "sha512-EaObqwIvayI5a8dCzhFrjKzVwKLxjoG9T6Ppd5CEo07LRKfQ8Yokw54r5+Wq7FaBQ+yXRvQAYPrHwya1/UFt9g=="],

    "@types/node": ["@types/node@24.10.1", "", { "dependencies": { "undici-types": "~7.16.0" } }, "sha512-GNWcUTRBgIRJD5zj+Tq0fKOJ5XZajIiBroOF0yvj2bSU1WvNdYS/dn9UxwsujGW4JX06dnHyjV2y9rRaybH0iQ=="],

    "atomic-sleep": ["atomic-sleep@1.0.0", "", {}, "sha512-kNOjDqAh7px0XWNI+4QbzoiR/nTkHAWNud2uvnJquD1/x5a7EQZMJT0AczqK0Qn67oY/TTQ1LbUKajZpp3I9tQ=="],

    "bun-types": ["bun-types@1.3.3", "", { "dependencies": { "@types/node": "*" } }, "sha512-z3Xwlg7j2l9JY27x5Qn3Wlyos8YAp0kKRlrePAOjgjMGS5IG6E7Jnlx736vH9UVI4wUICwwhC9anYL++XeOgTQ=="],

    "colorette": ["colorette@2.0.20", "", {}, "sha512-IfEDxwoWIjkeXL1eXcDiow4UbKjhLdq6/EuSVR9GMN7KVH3r9gQ83e73hsz1Nd1T3ijd5xv1wcWRYO+D6kCI2w=="],

    "dateformat": ["dateformat@4.6.3", "", {}, "sha512-2P0p0pFGzHS5EMnhdxQi7aJN+iMheud0UhG4dlE1DLAlvL8JHjJJTX/CSm4JXwV0Ka5nGk3zC5mcb5bUQUxxMA=="],

    "debug": ["debug@4.4.3", "", { "dependencies": { "ms": "^2.1.3" } }, "sha512-RGwwWnwQvkVfavKVt22FGLw+xYSdzARwm0ru6DhTVA3umU5hZc28V3kO4stgYryrTlLpuvgI9GiijltAjNbcqA=="],

    "dom-serializer": ["dom-serializer@2.0.0", "", { "dependencies": { "domelementtype": "^2.3.0", "domhandler": "^5.0.2", "entities": "^4.2.0" } }, "sha512-wIkAryiqt/nV5EQKqQpo3SToSOV9J0DnbJqwK7Wv/Trc92zIAYZ4FlMu+JPFW1DfGFt81ZTCGgDEabffXeLyJg=="],

    "domelementtype": ["domelementtype@2.3.0", "", {}, "sha512-OLETBj6w0OsagBwdXnPdN0cnMfF9opN69co+7ZrbfPGrdpPVNBUj02spi6B1N7wChLQiPn4CSH/zJvXw56gmHw=="],

    "domhandler": ["domhandler@5.0.3", "", { "dependencies": { "domelementtype": "^2.3.0" } }, "sha512-cgwlv/1iFQiFnU96XXgROh8xTeetsnJiDsTc7TYCLFd9+/WNkIqPTxiM/8pSd8VIrhXGTf1Ny1q1hquVqDJB5w=="],

    "domutils": ["domutils@3.2.2", "", { "dependencies": { "dom-serializer": "^2.0.0", "domelementtype": "^2.3.0", "domhandler": "^5.0.3" } }, "sha512-6kZKyUajlDuqlHKVX1w7gyslj9MPIXzIFiz/rGu35uC1wMi+kMhQwGhl4lt9unC9Vb9INnY9Z3/ZA3+FhASLaw=="],

    "end-of-stream": ["end-of-stream@1.4.5", "", { "dependencies": { "once": "^1.4.0" } }, "sha512-ooEGc6HP26xXq/N+GCGOT0JKCLDGrq2bQUZrQ7gyrJiZANJ/8YDTxTpQBXGMn+WbIQXNVpyWymm7KYVICQnyOg=="],

    "entities": ["entities@6.0.1", "", {}, "sha512-aN97NXWF6AWBTahfVOIrB/NShkzi5H7F9r1s9mD3cDj4Ko5f2qhhVoYMibXF7GlLveb/D2ioWay8lxI97Ven3g=="],

    "fast-copy": ["fast-copy@4.0.1", "", {}, "sha512-+uUOQlhsaswsizHFmEFAQhB3lSiQ+lisxl50N6ZP0wywlZeWsIESxSi9ftPEps8UGfiBzyYP7x27zA674WUvXw=="],

    "fast-safe-stringify": ["fast-safe-stringify@2.1.1", "", {}, "sha512-W+KJc2dmILlPplD/H4K9l9LcAHAfPtP6BY84uVLXQ6Evcz9Lcg33Y2z1IVblT6xdY54PXYVHEv+0Wpq8Io6zkA=="],

    "gramio": ["gramio@0.0.50", "", { "dependencies": { "@gramio/callback-data": "^0.0.3", "@gramio/contexts": "^0.0.23", "@gramio/files": "^0.0.12", "@gramio/format": "^0.1.3", "@gramio/keyboards": "^0.3.3", "@gramio/types": "^7.10.1", "debug": "^4.3.7", "inspectable": "^3.0.2", "middleware-io": "^2.8.1" } }, "sha512-ZmbR2rKTrN91j2x4Bl1bqGRNk3CVi5biD37nE+sOaww564hcn07gu490DQrgyHUiHWv6Jm1UCtQYF22BSCLBQA=="],

    "help-me": ["help-me@5.0.0", "", {}, "sha512-7xgomUX6ADmcYzFik0HzAxh/73YlKR9bmFzf51CZwR+b6YtzU2m0u49hQCqV6SvlqIqsaxovfwdvbnsw3b/zpg=="],

    "hono": ["hono@4.10.7", "", {}, "sha512-icXIITfw/07Q88nLSkB9aiUrd8rYzSweK681Kjo/TSggaGbOX4RRyxxm71v+3PC8C/j+4rlxGeoTRxQDkaJkUw=="],

    "htmlparser2": ["htmlparser2@10.0.0", "", { "dependencies": { "domelementtype": "^2.3.0", "domhandler": "^5.0.3", "domutils": "^3.2.1", "entities": "^6.0.0" } }, "sha512-TwAZM+zE5Tq3lrEHvOlvwgj1XLWQCtaaibSN11Q+gGBAS7Y1uZSWwXXRe4iF6OXnaq1riyQAPFOBtYc77Mxq0g=="],

    "inspectable": ["inspectable@3.0.2", "", {}, "sha512-XHygPjNXXe1TWQLlVdCYLejUklsGGo+XWS3Cn/RlkvnhkbZqcQxoXPrSh7Via5aATYJUMWVnrD5CbW2c+BtKMA=="],

    "joycon": ["joycon@3.1.1", "", {}, "sha512-34wB/Y7MW7bzjKRjUKTa46I2Z7eV62Rkhva+KkopW7Qvv/OSWBqvkSY7vusOPrNuZcUG3tApvdVgNB8POj3SPw=="],

    "long": ["long@5.2.3", "", {}, "sha512-lcHwpNoggQTObv5apGNCTdJrO69eHOZMi4BNC+rTLER8iHAqGrUVeLh/irVIM7zTw2bOXA8T6uNPeujwOLg/2Q=="],

    "middleware-io": ["middleware-io@2.8.1", "", {}, "sha512-H0XftkexHKxxQsoCsItMzM7WU3S/rIFzL3T4guU8tWLKr7e5cVkdaZ+JQeeL+TB3OaHpqFi/ozYqQl69z2X6bg=="],

    "minimist": ["minimist@1.2.8", "", {}, "sha512-2yyAR8qBkN3YuheJanUpWC5U3bb5osDywNB8RzDVlDwDHbocAJveqqj1u8+SVD7jkWT4yvsHCpWqqWqAxb0zCA=="],

    "ms": ["ms@2.1.3", "", {}, "sha512-6FlzubTLZG3J2a/NVCAleEhjzq5oxgHyaCU9yYXvcLsvoVaHJq/s5xXI6/XXP6tz7R9xAOtHnSO/tXtF3WRTlA=="],

    "on-exit-leak-free": ["on-exit-leak-free@2.1.2", "", {}, "sha512-0eJJY6hXLGf1udHwfNftBqH+g73EU4B504nZeKpz1sYRKafAghwxEJunB2O7rDZkL4PGfsMVnTXZ2EjibbqcsA=="],

    "once": ["once@1.4.0", "", { "dependencies": { "wrappy": "1" } }, "sha512-lNaJgI+2Q5URQBkccEKHTQOPaXdUxnZZElQTZY0MFUAuaEqe1E+Nyvgdz/aIyNi6Z9MzO5dv1H8n58/GELp3+w=="],

    "pino": ["pino@10.1.0", "", { "dependencies": { "@pinojs/redact": "^0.4.0", "atomic-sleep": "^1.0.0", "on-exit-leak-free": "^2.1.0", "pino-abstract-transport": "^2.0.0", "pino-std-serializers": "^7.0.0", "process-warning": "^5.0.0", "quick-format-unescaped": "^4.0.3", "real-require": "^0.2.0", "safe-stable-stringify": "^2.3.1", "sonic-boom": "^4.0.1", "thread-stream": "^3.0.0" }, "bin": { "pino": "bin.js" } }, "sha512-0zZC2ygfdqvqK8zJIr1e+wT1T/L+LF6qvqvbzEQ6tiMAoTqEVK9a1K3YRu8HEUvGEvNqZyPJTtb2sNIoTkB83w=="],

    "pino-abstract-transport": ["pino-abstract-transport@2.0.0", "", { "dependencies": { "split2": "^4.0.0" } }, "sha512-F63x5tizV6WCh4R6RHyi2Ml+M70DNRXt/+HANowMflpgGFMAym/VKm6G7ZOQRjqN7XbGxK1Lg9t6ZrtzOaivMw=="],

    "pino-pretty": ["pino-pretty@13.1.3", "", { "dependencies": { "colorette": "^2.0.7", "dateformat": "^4.6.3", "fast-copy": "^4.0.0", "fast-safe-stringify": "^2.1.1", "help-me": "^5.0.0", "joycon": "^3.1.1", "minimist": "^1.2.6", "on-exit-leak-free": "^2.1.0", "pino-abstract-transport": "^3.0.0", "pump": "^3.0.0", "secure-json-parse": "^4.0.0", "sonic-boom": "^4.0.1", "strip-json-comments": "^5.0.2" }, "bin": { "pino-pretty": "bin.js" } }, "sha512-ttXRkkOz6WWC95KeY9+xxWL6AtImwbyMHrL1mSwqwW9u+vLp/WIElvHvCSDg0xO/Dzrggz1zv3rN5ovTRVowKg=="],

    "pino-std-serializers": ["pino-std-serializers@7.0.0", "", {}, "sha512-e906FRY0+tV27iq4juKzSYPbUj2do2X2JX4EzSca1631EB2QJQUqGbDuERal7LCtOpxl6x3+nvo9NPZcmjkiFA=="],

    "process-warning": ["process-warning@5.0.0", "", {}, "sha512-a39t9ApHNx2L4+HBnQKqxxHNs1r7KF+Intd8Q/g1bUh6q0WIp9voPXJ/x0j+ZL45KF1pJd9+q2jLIRMfvEshkA=="],

    "pump": ["pump@3.0.3", "", { "dependencies": { "end-of-stream": "^1.1.0", "once": "^1.3.1" } }, "sha512-todwxLMY7/heScKmntwQG8CXVkWUOdYxIvY2s0VWAAMh/nd8SoYiRaKjlr7+iCs984f2P8zvrfWcDDYVb73NfA=="],

    "quick-format-unescaped": ["quick-format-unescaped@4.0.4", "", {}, "sha512-tYC1Q1hgyRuHgloV/YXs2w15unPVh8qfu/qCTfhTYamaw7fyhumKa2yGpdSo87vY32rIclj+4fWYQXUMs9EHvg=="],

    "real-require": ["real-require@0.2.0", "", {}, "sha512-57frrGM/OCTLqLOAh0mhVA9VBMHd+9U7Zb2THMGdBUoZVOtGbJzjxsYGDJ3A9AYYCP4hn6y1TVbaOfzWtm5GFg=="],

    "safe-stable-stringify": ["safe-stable-stringify@2.5.0", "", {}, "sha512-b3rppTKm9T+PsVCBEOUR46GWI7fdOs00VKZ1+9c1EWDaDMvjQc6tUwuFyIprgGgTcWoVHSKrU8H31ZHA2e0RHA=="],

    "secure-json-parse": ["secure-json-parse@4.1.0", "", {}, "sha512-l4KnYfEyqYJxDwlNVyRfO2E4NTHfMKAWdUuA8J0yve2Dz/E/PdBepY03RvyJpssIpRFwJoCD55wA+mEDs6ByWA=="],

    "sonic-boom": ["sonic-boom@4.2.0", "", { "dependencies": { "atomic-sleep": "^1.0.0" } }, "sha512-INb7TM37/mAcsGmc9hyyI6+QR3rR1zVRu36B0NeGXKnOOLiZOfER5SA+N7X7k3yUYRzLWafduTDvJAfDswwEww=="],

    "split2": ["split2@4.2.0", "", {}, "sha512-UcjcJOWknrNkF6PLX83qcHM6KHgVKNkV62Y8a5uYDVv9ydGQVwAHMKqHdJje1VTWpljG0WYpCDhrCdAOYH4TWg=="],

    "sqlite-vec": ["sqlite-vec@0.1.7-alpha.2", "", { "optionalDependencies": { "sqlite-vec-darwin-arm64": "0.1.7-alpha.2", "sqlite-vec-darwin-x64": "0.1.7-alpha.2", "sqlite-vec-linux-arm64": "0.1.7-alpha.2", "sqlite-vec-linux-x64": "0.1.7-alpha.2", "sqlite-vec-windows-x64": "0.1.7-alpha.2" } }, "sha512-rNgRCv+4V4Ed3yc33Qr+nNmjhtrMnnHzXfLVPeGb28Dx5mmDL3Ngw/Wk8vhCGjj76+oC6gnkmMG8y73BZWGBwQ=="],

    "sqlite-vec-darwin-arm64": ["sqlite-vec-darwin-arm64@0.1.7-alpha.2", "", { "os": "darwin", "cpu": "arm64" }, "sha512-raIATOqFYkeCHhb/t3r7W7Cf2lVYdf4J3ogJ6GFc8PQEgHCPEsi+bYnm2JT84MzLfTlSTIdxr4/NKv+zF7oLPw=="],

    "sqlite-vec-darwin-x64": ["sqlite-vec-darwin-x64@0.1.7-alpha.2", "", { "os": "darwin", "cpu": "x64" }, "sha512-jeZEELsQjjRsVojsvU5iKxOvkaVuE+JYC8Y4Ma8U45aAERrDYmqZoHvgSG7cg1PXL3bMlumFTAmHynf1y4pOzA=="],

    "sqlite-vec-linux-arm64": ["sqlite-vec-linux-arm64@0.1.7-alpha.2", "", { "os": "linux", "cpu": "arm64" }, "sha512-6Spj4Nfi7tG13jsUG+W7jnT0bCTWbyPImu2M8nWp20fNrd1SZ4g3CSlDAK8GBdavX7wRlbBHCZ+BDa++rbDewA=="],

    "sqlite-vec-linux-x64": ["sqlite-vec-linux-x64@0.1.7-alpha.2", "", { "os": "linux", "cpu": "x64" }, "sha512-IcgrbHaDccTVhXDf8Orwdc2+hgDLAFORl6OBUhcvlmwswwBP1hqBTSEhovClG4NItwTOBNgpwOoQ7Qp3VDPWLg=="],

    "sqlite-vec-windows-x64": ["sqlite-vec-windows-x64@0.1.7-alpha.2", "", { "os": "win32", "cpu": "x64" }, "sha512-TRP6hTjAcwvQ6xpCZvjP00pdlda8J38ArFy1lMYhtQWXiIBmWnhMaMbq4kaeCYwvTTddfidatRS+TJrwIKB/oQ=="],

    "strip-json-comments": ["strip-json-comments@5.0.3", "", {}, "sha512-1tB5mhVo7U+ETBKNf92xT4hrQa3pm0MZ0PQvuDnWgAAGHDsfp4lPSpiS6psrSiet87wyGPh9ft6wmhOMQ0hDiw=="],

    "thread-stream": ["thread-stream@3.1.0", "", { "dependencies": { "real-require": "^0.2.0" } }, "sha512-OqyPZ9u96VohAyMfJykzmivOrY2wfMSf3C5TtFJVgN+Hm6aj+voFhlK+kZEIv2FBh1X6Xp3DlnCOfEQ3B2J86A=="],

    "tslib": ["tslib@2.8.1", "", {}, "sha512-oJFu94HQb+KVduSUQL7wnpmqnfmLsOA/nAh6b6EH0wCEoK0/mPeXU6c3wKDV83MkOuHPRHtSXKKU99IBazS/2w=="],

    "typescript": ["typescript@5.9.3", "", { "bin": { "tsc": "bin/tsc", "tsserver": "bin/tsserver" } }, "sha512-jl1vZzPDinLr9eUt3J/t7V6FgNEw9QjvBPdysz9KfQDD41fQrC2Y4vKQdiaUpFT4bXlb1RHhLpp8wtm6M5TgSw=="],

    "undici-types": ["undici-types@7.16.0", "", {}, "sha512-Zz+aZWSj8LE6zoxD+xrjh4VfkIG8Ya6LvYkZqtUQGJPZjYl53ypCaUwWqo7eI0x66KBGeRo+mlBEkMSeSZ38Nw=="],

    "wrappy": ["wrappy@1.0.2", "", {}, "sha512-l4Sp/DRseor9wL6EvV2+TuQn63dMkPjZ/sp9XkghTEbV9KlPS1xUsZ3u7/IQO4wxtcFB4bgpQPRcR3QCvezPcQ=="],

    "xstate": ["xstate@5.24.0", "", {}, "sha512-h/213ThFfZbOefUWrLc9ZvYggEVBr0jrD2dNxErxNMLQfZRN19v+80TaXFho17hs8Q2E1mULtm/6nv12um0C4A=="],

    "@gramio/format/@gramio/types": ["@gramio/types@8.3.3", "", {}, "sha512-Gyos1NCKlr5/0P++W6rHOoLMlizee6WBjxNavUL/EMTy6wWvT9D6RXcetvmZQDsWGtt4wXLgdkAnEforpXOMQw=="],

    "dom-serializer/entities": ["entities@4.5.0", "", {}, "sha512-V0hjH4dGPh9Ao5p0MoRY6BVqtwCjhz6vI5LT8AJ55H+4g9/4vbHx1I54fS0XuclLhDHArPQCiMjDxjaL8fPxhw=="],

    "pino-pretty/pino-abstract-transport": ["pino-abstract-transport@3.0.0", "", { "dependencies": { "split2": "^4.0.0" } }, "sha512-wlfUczU+n7Hy/Ha5j9a/gZNy7We5+cXp8YL+X+PG8S0KXxw7n/JXA3c46Y0zQznIJ83URJiwy7Lh56WLokNuxg=="],
  }
}
